
Microsoft Visual Studio Solution File, Format Version 12.00
# Visual Studio Version 16
VisualStudioVersion = 16.0.30114.105
MinimumVisualStudioVersion = 10.0.40219.1
Project("{8BC9CEB8-8B4A-11D0-8D11-00A0C91BC942}") = "ASTEROIDS", "ASTEROIDS\ASTEROIDS.vcxproj", "{E36E08E6-15EC-4261-B1ED-EB438335B970}"
EndProject
Global
	GlobalSection(SolutionConfigurationPlatforms) = preSolution
		Debug|x64 = Debug|x64
		Debug|x86 = Debug|x86
		Release|x64 = Release|x64
		Release|x86 = Release|x86
	EndGlobalSection
	GlobalSection(ProjectConfigurationPlatforms) = postSolution
		{E36E08E6-15EC-4261-B1ED-EB438335B970}.Debug|x64.ActiveCfg = Debug|x64
		{E36E08E6-15EC-4261-B1ED-EB438335B970}.Debug|x64.Build.0 = Debug|x64
		{E36E08E6-15EC-4261-B1ED-EB438335B970}.Debug|x86.ActiveCfg = Debug|Win32
		{E36E08E6-15EC-4261-B1ED-EB438335B970}.Debug|x86.Build.0 = Debug|Win32
		{E36E08E6-15EC-4261-B1ED-EB438335B970}.Release|x64.ActiveCfg = Release|x64
		{E36E08E6-15EC-4261-B1ED-EB438335B970}.Release|x64.Build.0 = Release|x64
		{E36E08E6-15EC-4261-B1ED-EB438335B970}.Release|x86.ActiveCfg = Release|Win32
		{E36E08E6-15EC-4261-B1ED-EB438335B970}.Release|x86.Build.0 = Release|Win32
	EndGlobalSection
	GlobalSection(SolutionProperties) = preSolution
		HideSolutionNode = FALSE
	EndGlobalSection
	GlobalSection(ExtensibilityGlobals) = postSolution
		SolutionGuid = {14D085F5-51D9-4F50-8F78-556D02462797}
	EndGlobalSection
EndGlobal
